
Microsoft Visual Studio Solution File, Format Version 12.00
# Visual Studio Version 16
VisualStudioVersion = 16.0.32802.440
MinimumVisualStudioVersion = 10.0.40219.1
Project("{8BC9CEB8-8B4A-11D0-8D11-00A0C91BC942}") = "QtWidgetsApplication1", "QtWidgetsApplication1\QtWidgetsApplication1.vcxproj", "{D974932E-AA70-4B24-986C-C3FF74CAF677}"
EndProject
Global
	GlobalSection(SolutionConfigurationPlatforms) = preSolution
		Debug|x64 = Debug|x64
		Release|x64 = Release|x64
	EndGlobalSection
	GlobalSection(ProjectConfigurationPlatforms) = postSolution
		{D974932E-AA70-4B24-986C-C3FF74CAF677}.Debug|x64.ActiveCfg = Debug|x64
		{D974932E-AA70-4B24-986C-C3FF74CAF677}.Debug|x64.Build.0 = Debug|x64
		{D974932E-AA70-4B24-986C-C3FF74CAF677}.Release|x64.ActiveCfg = Release|x64
		{D974932E-AA70-4B24-986C-C3FF74CAF677}.Release|x64.Build.0 = Release|x64
	EndGlobalSection
	GlobalSection(SolutionProperties) = preSolution
		HideSolutionNode = FALSE
	EndGlobalSection
	GlobalSection(ExtensibilityGlobals) = postSolution
		SolutionGuid = {EFE8078C-6E03-46C1-96D3-C9A808E3DA32}
	EndGlobalSection
EndGlobal
